// !$*UTF8*$!
{
	archiveVersion = 1;
	classes = {
	};
	objectVersion = 56;
	objects = {

/* Begin PBXBuildFile section */
		8AFDFB6614704A47F2878B6C /* Pods_Arquiteturas.framework in Frameworks */ = {isa = PBXBuildFile; fileRef = 68A6504C1FE4CBB50152BBB2 /* Pods_Arquiteturas.framework */; };
		F8109BE02AB9EBE60023E78A /* UserManager.swift in Sources */ = {isa = PBXBuildFile; fileRef = F8109BDF2AB9EBE60023E78A /* UserManager.swift */; };
		F85A6EC52AB8C5AE0002FD3C /* AppDelegate.swift in Sources */ = {isa = PBXBuildFile; fileRef = F85A6EC42AB8C5AE0002FD3C /* AppDelegate.swift */; };
		F85A6EC72AB8C5AE0002FD3C /* SceneDelegate.swift in Sources */ = {isa = PBXBuildFile; fileRef = F85A6EC62AB8C5AE0002FD3C /* SceneDelegate.swift */; };
		F85A6EC92AB8C5AE0002FD3C /* ViewController.swift in Sources */ = {isa = PBXBuildFile; fileRef = F85A6EC82AB8C5AE0002FD3C /* ViewController.swift */; };
		F85A6ECC2AB8C5AE0002FD3C /* Main.storyboard in Resources */ = {isa = PBXBuildFile; fileRef = F85A6ECA2AB8C5AE0002FD3C /* Main.storyboard */; };
		F85A6ECE2AB8C5AE0002FD3C /* Assets.xcassets in Resources */ = {isa = PBXBuildFile; fileRef = F85A6ECD2AB8C5AE0002FD3C /* Assets.xcassets */; };
		F85A6ED12AB8C5AE0002FD3C /* LaunchScreen.storyboard in Resources */ = {isa = PBXBuildFile; fileRef = F85A6ECF2AB8C5AE0002FD3C /* LaunchScreen.storyboard */; };
		F897D9FD2AB8D97B00E0AF61 /* GoogleService-Info.plist in Resources */ = {isa = PBXBuildFile; fileRef = F897D9FC2AB8D97B00E0AF61 /* GoogleService-Info.plist */; };
		F897DA042AB8E41300E0AF61 /* UserProvider.swift in Sources */ = {isa = PBXBuildFile; fileRef = F897DA032AB8E41300E0AF61 /* UserProvider.swift */; };
		F897DA082AB8E45900E0AF61 /* UserModel.swift in Sources */ = {isa = PBXBuildFile; fileRef = F897DA072AB8E45900E0AF61 /* UserModel.swift */; };
		F897DA0B2AB9259D00E0AF61 /* Constants.swift in Sources */ = {isa = PBXBuildFile; fileRef = F897DA0A2AB9259D00E0AF61 /* Constants.swift */; };
		F897DA0D2AB9278500E0AF61 /* UserBusiness.swift in Sources */ = {isa = PBXBuildFile; fileRef = F897DA0C2AB9278500E0AF61 /* UserBusiness.swift */; };
/* End PBXBuildFile section */

/* Begin PBXFileReference section */
		2E8CD48E8E9174A6473E7053 /* Pods-Arquiteturas.release.xcconfig */ = {isa = PBXFileReference; includeInIndex = 1; lastKnownFileType = text.xcconfig; name = "Pods-Arquiteturas.release.xcconfig"; path = "Target Support Files/Pods-Arquiteturas/Pods-Arquiteturas.release.xcconfig"; sourceTree = "<group>"; };
		438E24D826827A90CC97718F /* Pods-Arquiteturas.debug.xcconfig */ = {isa = PBXFileReference; includeInIndex = 1; lastKnownFileType = text.xcconfig; name = "Pods-Arquiteturas.debug.xcconfig"; path = "Target Support Files/Pods-Arquiteturas/Pods-Arquiteturas.debug.xcconfig"; sourceTree = "<group>"; };
		68A6504C1FE4CBB50152BBB2 /* Pods_Arquiteturas.framework */ = {isa = PBXFileReference; explicitFileType = wrapper.framework; includeInIndex = 0; path = Pods_Arquiteturas.framework; sourceTree = BUILT_PRODUCTS_DIR; };
		F8109BDF2AB9EBE60023E78A /* UserManager.swift */ = {isa = PBXFileReference; lastKnownFileType = sourcecode.swift; path = UserManager.swift; sourceTree = "<group>"; };
		F85A6EC12AB8C5AE0002FD3C /* Arquiteturas.app */ = {isa = PBXFileReference; explicitFileType = wrapper.application; includeInIndex = 0; path = Arquiteturas.app; sourceTree = BUILT_PRODUCTS_DIR; };
		F85A6EC42AB8C5AE0002FD3C /* AppDelegate.swift */ = {isa = PBXFileReference; lastKnownFileType = sourcecode.swift; path = AppDelegate.swift; sourceTree = "<group>"; };
		F85A6EC62AB8C5AE0002FD3C /* SceneDelegate.swift */ = {isa = PBXFileReference; lastKnownFileType = sourcecode.swift; path = SceneDelegate.swift; sourceTree = "<group>"; };
		F85A6EC82AB8C5AE0002FD3C /* ViewController.swift */ = {isa = PBXFileReference; lastKnownFileType = sourcecode.swift; path = ViewController.swift; sourceTree = "<group>"; };
		F85A6ECB2AB8C5AE0002FD3C /* Base */ = {isa = PBXFileReference; lastKnownFileType = file.storyboard; name = Base; path = Base.lproj/Main.storyboard; sourceTree = "<group>"; };
		F85A6ECD2AB8C5AE0002FD3C /* Assets.xcassets */ = {isa = PBXFileReference; lastKnownFileType = folder.assetcatalog; path = Assets.xcassets; sourceTree = "<group>"; };
		F85A6ED02AB8C5AE0002FD3C /* Base */ = {isa = PBXFileReference; lastKnownFileType = file.storyboard; name = Base; path = Base.lproj/LaunchScreen.storyboard; sourceTree = "<group>"; };
		F85A6ED22AB8C5AE0002FD3C /* Info.plist */ = {isa = PBXFileReference; lastKnownFileType = text.plist.xml; path = Info.plist; sourceTree = "<group>"; };
		F897D9FC2AB8D97B00E0AF61 /* GoogleService-Info.plist */ = {isa = PBXFileReference; fileEncoding = 4; lastKnownFileType = text.plist.xml; path = "GoogleService-Info.plist"; sourceTree = "<group>"; };
		F897DA032AB8E41300E0AF61 /* UserProvider.swift */ = {isa = PBXFileReference; lastKnownFileType = sourcecode.swift; path = UserProvider.swift; sourceTree = "<group>"; };
		F897DA072AB8E45900E0AF61 /* UserModel.swift */ = {isa = PBXFileReference; lastKnownFileType = sourcecode.swift; path = UserModel.swift; sourceTree = "<group>"; };
		F897DA0A2AB9259D00E0AF61 /* Constants.swift */ = {isa = PBXFileReference; lastKnownFileType = sourcecode.swift; path = Constants.swift; sourceTree = "<group>"; };
		F897DA0C2AB9278500E0AF61 /* UserBusiness.swift */ = {isa = PBXFileReference; lastKnownFileType = sourcecode.swift; path = UserBusiness.swift; sourceTree = "<group>"; };
/* End PBXFileReference section */

/* Begin PBXFrameworksBuildPhase section */
		F85A6EBE2AB8C5AE0002FD3C /* Frameworks */ = {
			isa = PBXFrameworksBuildPhase;
			buildActionMask = 2147483647;
			files = (
				8AFDFB6614704A47F2878B6C /* Pods_Arquiteturas.framework in Frameworks */,
			);
			runOnlyForDeploymentPostprocessing = 0;
		};
/* End PBXFrameworksBuildPhase section */

/* Begin PBXGroup section */
		7E12987A269DA4CC159A9493 /* Frameworks */ = {
			isa = PBXGroup;
			children = (
				68A6504C1FE4CBB50152BBB2 /* Pods_Arquiteturas.framework */,
			);
			name = Frameworks;
			sourceTree = "<group>";
		};
		B5856A93D2AB8D07749996A3 /* Pods */ = {
			isa = PBXGroup;
			children = (
				438E24D826827A90CC97718F /* Pods-Arquiteturas.debug.xcconfig */,
				2E8CD48E8E9174A6473E7053 /* Pods-Arquiteturas.release.xcconfig */,
			);
			path = Pods;
			sourceTree = "<group>";
		};
		F85A6EB82AB8C5AE0002FD3C = {
			isa = PBXGroup;
			children = (
				F85A6EC32AB8C5AE0002FD3C /* Arquiteturas */,
				F85A6EC22AB8C5AE0002FD3C /* Products */,
				B5856A93D2AB8D07749996A3 /* Pods */,
				7E12987A269DA4CC159A9493 /* Frameworks */,
			);
			sourceTree = "<group>";
		};
		F85A6EC22AB8C5AE0002FD3C /* Products */ = {
			isa = PBXGroup;
			children = (
				F85A6EC12AB8C5AE0002FD3C /* Arquiteturas.app */,
			);
			name = Products;
			sourceTree = "<group>";
		};
		F85A6EC32AB8C5AE0002FD3C /* Arquiteturas */ = {
			isa = PBXGroup;
			children = (
				F897DA092AB9258E00E0AF61 /* Infrastructure */,
				F897DA022AB8E2FF00E0AF61 /* Source */,
				F897D9FE2AB8E2DF00E0AF61 /* API */,
				F85A6ED22AB8C5AE0002FD3C /* Info.plist */,
				F897D9FC2AB8D97B00E0AF61 /* GoogleService-Info.plist */,
			);
			path = Arquiteturas;
			sourceTree = "<group>";
		};
		F897D9FE2AB8E2DF00E0AF61 /* API */ = {
			isa = PBXGroup;
			children = (
				F897DA062AB8E44E00E0AF61 /* Model */,
				F897DA012AB8E2F600E0AF61 /* Provider */,
				F897DA002AB8E2F100E0AF61 /* Manager */,
				F897D9FF2AB8E2E400E0AF61 /* Business */,
			);
			path = API;
			sourceTree = "<group>";
		};
		F897D9FF2AB8E2E400E0AF61 /* Business */ = {
			isa = PBXGroup;
			children = (
				F897DA0C2AB9278500E0AF61 /* UserBusiness.swift */,
			);
			path = Business;
			sourceTree = "<group>";
		};
		F897DA002AB8E2F100E0AF61 /* Manager */ = {
			isa = PBXGroup;
			children = (
				F8109BDF2AB9EBE60023E78A /* UserManager.swift */,
			);
			path = Manager;
			sourceTree = "<group>";
		};
		F897DA012AB8E2F600E0AF61 /* Provider */ = {
			isa = PBXGroup;
			children = (
				F897DA032AB8E41300E0AF61 /* UserProvider.swift */,
			);
			path = Provider;
			sourceTree = "<group>";
		};
		F897DA022AB8E2FF00E0AF61 /* Source */ = {
			isa = PBXGroup;
			children = (
				F85A6EC42AB8C5AE0002FD3C /* AppDelegate.swift */,
				F85A6EC62AB8C5AE0002FD3C /* SceneDelegate.swift */,
				F85A6EC82AB8C5AE0002FD3C /* ViewController.swift */,
				F85A6ECA2AB8C5AE0002FD3C /* Main.storyboard */,
				F85A6ECD2AB8C5AE0002FD3C /* Assets.xcassets */,
				F85A6ECF2AB8C5AE0002FD3C /* LaunchScreen.storyboard */,
			);
			path = Source;
			sourceTree = "<group>";
		};
		F897DA062AB8E44E00E0AF61 /* Model */ = {
			isa = PBXGroup;
			children = (
				F897DA072AB8E45900E0AF61 /* UserModel.swift */,
			);
			path = Model;
			sourceTree = "<group>";
		};
		F897DA092AB9258E00E0AF61 /* Infrastructure */ = {
			isa = PBXGroup;
			children = (
				F897DA0A2AB9259D00E0AF61 /* Constants.swift */,
			);
			path = Infrastructure;
			sourceTree = "<group>";
		};
/* End PBXGroup section */

/* Begin PBXNativeTarget section */
		F85A6EC02AB8C5AE0002FD3C /* Arquiteturas */ = {
			isa = PBXNativeTarget;
			buildConfigurationList = F85A6ED52AB8C5AE0002FD3C /* Build configuration list for PBXNativeTarget "Arquiteturas" */;
			buildPhases = (
				9189D28514E94D8DCA09D385 /* [CP] Check Pods Manifest.lock */,
				F85A6EBD2AB8C5AE0002FD3C /* Sources */,
				F85A6EBE2AB8C5AE0002FD3C /* Frameworks */,
				F85A6EBF2AB8C5AE0002FD3C /* Resources */,
				B6C87E26FC7790602243BF69 /* [CP] Embed Pods Frameworks */,
			);
			buildRules = (
			);
			dependencies = (
			);
			name = Arquiteturas;
			productName = Arquiteturas;
			productReference = F85A6EC12AB8C5AE0002FD3C /* Arquiteturas.app */;
			productType = "com.apple.product-type.application";
		};
/* End PBXNativeTarget section */

/* Begin PBXProject section */
		F85A6EB92AB8C5AE0002FD3C /* Project object */ = {
			isa = PBXProject;
			attributes = {
				BuildIndependentTargetsInParallel = 1;
				LastSwiftUpdateCheck = 1420;
				LastUpgradeCheck = 1420;
				TargetAttributes = {
					F85A6EC02AB8C5AE0002FD3C = {
						CreatedOnToolsVersion = 14.2;
					};
				};
			};
			buildConfigurationList = F85A6EBC2AB8C5AE0002FD3C /* Build configuration list for PBXProject "Arquiteturas" */;
			compatibilityVersion = "Xcode 14.0";
			developmentRegion = en;
			hasScannedForEncodings = 0;
			knownRegions = (
				en,
				Base,
			);
			mainGroup = F85A6EB82AB8C5AE0002FD3C;
			productRefGroup = F85A6EC22AB8C5AE0002FD3C /* Products */;
			projectDirPath = "";
			projectRoot = "";
			targets = (
				F85A6EC02AB8C5AE0002FD3C /* Arquiteturas */,
			);
		};
/* End PBXProject section */

/* Begin PBXResourcesBuildPhase section */
		F85A6EBF2AB8C5AE0002FD3C /* Resources */ = {
			isa = PBXResourcesBuildPhase;
			buildActionMask = 2147483647;
			files = (
				F85A6ED12AB8C5AE0002FD3C /* LaunchScreen.storyboard in Resources */,
				F897D9FD2AB8D97B00E0AF61 /* GoogleService-Info.plist in Resources */,
				F85A6ECE2AB8C5AE0002FD3C /* Assets.xcassets in Resources */,
				F85A6ECC2AB8C5AE0002FD3C /* Main.storyboard in Resources */,
			);
			runOnlyForDeploymentPostprocessing = 0;
		};
/* End PBXResourcesBuildPhase section */

/* Begin PBXShellScriptBuildPhase section */
		9189D28514E94D8DCA09D385 /* [CP] Check Pods Manifest.lock */ = {
			isa = PBXShellScriptBuildPhase;
			buildActionMask = 2147483647;
			files = (
			);
			inputFileListPaths = (
			);
			inputPaths = (
				"${PODS_PODFILE_DIR_PATH}/Podfile.lock",
				"${PODS_ROOT}/Manifest.lock",
			);
			name = "[CP] Check Pods Manifest.lock";
			outputFileListPaths = (
			);
			outputPaths = (
				"$(DERIVED_FILE_DIR)/Pods-Arquiteturas-checkManifestLockResult.txt",
			);
			runOnlyForDeploymentPostprocessing = 0;
			shellPath = /bin/sh;
			shellScript = "diff \"${PODS_PODFILE_DIR_PATH}/Podfile.lock\" \"${PODS_ROOT}/Manifest.lock\" > /dev/null\nif [ $? != 0 ] ; then\n    # print error to STDERR\n    echo \"error: The sandbox is not in sync with the Podfile.lock. Run 'pod install' or update your CocoaPods installation.\" >&2\n    exit 1\nfi\n# This output is used by Xcode 'outputs' to avoid re-running this script phase.\necho \"SUCCESS\" > \"${SCRIPT_OUTPUT_FILE_0}\"\n";
			showEnvVarsInLog = 0;
		};
		B6C87E26FC7790602243BF69 /* [CP] Embed Pods Frameworks */ = {
			isa = PBXShellScriptBuildPhase;
			buildActionMask = 2147483647;
			files = (
			);
			inputFileListPaths = (
				"${PODS_ROOT}/Target Support Files/Pods-Arquiteturas/Pods-Arquiteturas-frameworks-${CONFIGURATION}-input-files.xcfilelist",
			);
			name = "[CP] Embed Pods Frameworks";
			outputFileListPaths = (
				"${PODS_ROOT}/Target Support Files/Pods-Arquiteturas/Pods-Arquiteturas-frameworks-${CONFIGURATION}-output-files.xcfilelist",
			);
			runOnlyForDeploymentPostprocessing = 0;
			shellPath = /bin/sh;
			shellScript = "\"${PODS_ROOT}/Target Support Files/Pods-Arquiteturas/Pods-Arquiteturas-frameworks.sh\"\n";
			showEnvVarsInLog = 0;
		};
/* End PBXShellScriptBuildPhase section */

/* Begin PBXSourcesBuildPhase section */
		F85A6EBD2AB8C5AE0002FD3C /* Sources */ = {
			isa = PBXSourcesBuildPhase;
			buildActionMask = 2147483647;
			files = (
				F85A6EC92AB8C5AE0002FD3C /* ViewController.swift in Sources */,
				F85A6EC52AB8C5AE0002FD3C /* AppDelegate.swift in Sources */,
				F85A6EC72AB8C5AE0002FD3C /* SceneDelegate.swift in Sources */,
				F897DA082AB8E45900E0AF61 /* UserModel.swift in Sources */,
				F897DA042AB8E41300E0AF61 /* UserProvider.swift in Sources */,
				F897DA0B2AB9259D00E0AF61 /* Constants.swift in Sources */,
				F8109BE02AB9EBE60023E78A /* UserManager.swift in Sources */,
				F897DA0D2AB9278500E0AF61 /* UserBusiness.swift in Sources */,
			);
			runOnlyForDeploymentPostprocessing = 0;
		};
/* End PBXSourcesBuildPhase section */

/* Begin PBXVariantGroup section */
		F85A6ECA2AB8C5AE0002FD3C /* Main.storyboard */ = {
			isa = PBXVariantGroup;
			children = (
				F85A6ECB2AB8C5AE0002FD3C /* Base */,
			);
			name = Main.storyboard;
			sourceTree = "<group>";
		};
		F85A6ECF2AB8C5AE0002FD3C /* LaunchScreen.storyboard */ = {
			isa = PBXVariantGroup;
			children = (
				F85A6ED02AB8C5AE0002FD3C /* Base */,
			);
			name = LaunchScreen.storyboard;
			sourceTree = "<group>";
		};
/* End PBXVariantGroup section */

/* Begin XCBuildConfiguration section */
		F85A6ED32AB8C5AE0002FD3C /* Debug */ = {
			isa = XCBuildConfiguration;
			buildSettings = {
				ALWAYS_SEARCH_USER_PATHS = NO;
				CLANG_ANALYZER_NONNULL = YES;
				CLANG_ANALYZER_NUMBER_OBJECT_CONVERSION = YES_AGGRESSIVE;
				CLANG_CXX_LANGUAGE_STANDARD = "gnu++20";
				CLANG_ENABLE_MODULES = YES;
				CLANG_ENABLE_OBJC_ARC = YES;
				CLANG_ENABLE_OBJC_WEAK = YES;
				CLANG_WARN_BLOCK_CAPTURE_AUTORELEASING = YES;
				CLANG_WARN_BOOL_CONVERSION = YES;
				CLANG_WARN_COMMA = YES;
				CLANG_WARN_CONSTANT_CONVERSION = YES;
				CLANG_WARN_DEPRECATED_OBJC_IMPLEMENTATIONS = YES;
				CLANG_WARN_DIRECT_OBJC_ISA_USAGE = YES_ERROR;
				CLANG_WARN_DOCUMENTATION_COMMENTS = YES;
				CLANG_WARN_EMPTY_BODY = YES;
				CLANG_WARN_ENUM_CONVERSION = YES;
				CLANG_WARN_INFINITE_RECURSION = YES;
				CLANG_WARN_INT_CONVERSION = YES;
				CLANG_WARN_NON_LITERAL_NULL_CONVERSION = YES;
				CLANG_WARN_OBJC_IMPLICIT_RETAIN_SELF = YES;
				CLANG_WARN_OBJC_LITERAL_CONVERSION = YES;
				CLANG_WARN_OBJC_ROOT_CLASS = YES_ERROR;
				CLANG_WARN_QUOTED_INCLUDE_IN_FRAMEWORK_HEADER = YES;
				CLANG_WARN_RANGE_LOOP_ANALYSIS = YES;
				CLANG_WARN_STRICT_PROTOTYPES = YES;
				CLANG_WARN_SUSPICIOUS_MOVE = YES;
				CLANG_WARN_UNGUARDED_AVAILABILITY = YES_AGGRESSIVE;
				CLANG_WARN_UNREACHABLE_CODE = YES;
				CLANG_WARN__DUPLICATE_METHOD_MATCH = YES;
				COPY_PHASE_STRIP = NO;
				DEBUG_INFORMATION_FORMAT = dwarf;
				ENABLE_STRICT_OBJC_MSGSEND = YES;
				ENABLE_TESTABILITY = YES;
				GCC_C_LANGUAGE_STANDARD = gnu11;
				GCC_DYNAMIC_NO_PIC = NO;
				GCC_NO_COMMON_BLOCKS = YES;
				GCC_OPTIMIZATION_LEVEL = 0;
				GCC_PREPROCESSOR_DEFINITIONS = (
					"DEBUG=1",
					"$(inherited)",
				);
				GCC_WARN_64_TO_32_BIT_CONVERSION = YES;
				GCC_WARN_ABOUT_RETURN_TYPE = YES_ERROR;
				GCC_WARN_UNDECLARED_SELECTOR = YES;
				GCC_WARN_UNINITIALIZED_AUTOS = YES_AGGRESSIVE;
				GCC_WARN_UNUSED_FUNCTION = YES;
				GCC_WARN_UNUSED_VARIABLE = YES;
				IPHONEOS_DEPLOYMENT_TARGET = 16.2;
				MTL_ENABLE_DEBUG_INFO = INCLUDE_SOURCE;
				MTL_FAST_MATH = YES;
				ONLY_ACTIVE_ARCH = YES;
				SDKROOT = iphoneos;
				SWIFT_ACTIVE_COMPILATION_CONDITIONS = DEBUG;
				SWIFT_OPTIMIZATION_LEVEL = "-Onone";
			};
			name = Debug;
		};
		F85A6ED42AB8C5AE0002FD3C /* Release */ = {
			isa = XCBuildConfiguration;
			buildSettings = {
				ALWAYS_SEARCH_USER_PATHS = NO;
				CLANG_ANALYZER_NONNULL = YES;
				CLANG_ANALYZER_NUMBER_OBJECT_CONVERSION = YES_AGGRESSIVE;
				CLANG_CXX_LANGUAGE_STANDARD = "gnu++20";
				CLANG_ENABLE_MODULES = YES;
				CLANG_ENABLE_OBJC_ARC = YES;
				CLANG_ENABLE_OBJC_WEAK = YES;
				CLANG_WARN_BLOCK_CAPTURE_AUTORELEASING = YES;
				CLANG_WARN_BOOL_CONVERSION = YES;
				CLANG_WARN_COMMA = YES;
				CLANG_WARN_CONSTANT_CONVERSION = YES;
				CLANG_WARN_DEPRECATED_OBJC_IMPLEMENTATIONS = YES;
				CLANG_WARN_DIRECT_OBJC_ISA_USAGE = YES_ERROR;
				CLANG_WARN_DOCUMENTATION_COMMENTS = YES;
				CLANG_WARN_EMPTY_BODY = YES;
				CLANG_WARN_ENUM_CONVERSION = YES;
				CLANG_WARN_INFINITE_RECURSION = YES;
				CLANG_WARN_INT_CONVERSION = YES;
				CLANG_WARN_NON_LITERAL_NULL_CONVERSION = YES;
				CLANG_WARN_OBJC_IMPLICIT_RETAIN_SELF = YES;
				CLANG_WARN_OBJC_LITERAL_CONVERSION = YES;
				CLANG_WARN_OBJC_ROOT_CLASS = YES_ERROR;
				CLANG_WARN_QUOTED_INCLUDE_IN_FRAMEWORK_HEADER = YES;
				CLANG_WARN_RANGE_LOOP_ANALYSIS = YES;
				CLANG_WARN_STRICT_PROTOTYPES = YES;
				CLANG_WARN_SUSPICIOUS_MOVE = YES;
				CLANG_WARN_UNGUARDED_AVAILABILITY = YES_AGGRESSIVE;
				CLANG_WARN_UNREACHABLE_CODE = YES;
				CLANG_WARN__DUPLICATE_METHOD_MATCH = YES;
				COPY_PHASE_STRIP = NO;
				DEBUG_INFORMATION_FORMAT = "dwarf-with-dsym";
				ENABLE_NS_ASSERTIONS = NO;
				ENABLE_STRICT_OBJC_MSGSEND = YES;
				GCC_C_LANGUAGE_STANDARD = gnu11;
				GCC_NO_COMMON_BLOCKS = YES;
				GCC_WARN_64_TO_32_BIT_CONVERSION = YES;
				GCC_WARN_ABOUT_RETURN_TYPE = YES_ERROR;
				GCC_WARN_UNDECLARED_SELECTOR = YES;
				GCC_WARN_UNINITIALIZED_AUTOS = YES_AGGRESSIVE;
				GCC_WARN_UNUSED_FUNCTION = YES;
				GCC_WARN_UNUSED_VARIABLE = YES;
				IPHONEOS_DEPLOYMENT_TARGET = 16.2;
				MTL_ENABLE_DEBUG_INFO = NO;
				MTL_FAST_MATH = YES;
				SDKROOT = iphoneos;
				SWIFT_COMPILATION_MODE = wholemodule;
				SWIFT_OPTIMIZATION_LEVEL = "-O";
				VALIDATE_PRODUCT = YES;
			};
			name = Release;
		};
		F85A6ED62AB8C5AE0002FD3C /* Debug */ = {
			isa = XCBuildConfiguration;
			baseConfigurationReference = 438E24D826827A90CC97718F /* Pods-Arquiteturas.debug.xcconfig */;
			buildSettings = {
				ASSETCATALOG_COMPILER_APPICON_NAME = AppIcon;
				ASSETCATALOG_COMPILER_GLOBAL_ACCENT_COLOR_NAME = AccentColor;
				CODE_SIGN_STYLE = Automatic;
				CURRENT_PROJECT_VERSION = 1;
				GENERATE_INFOPLIST_FILE = YES;
				INFOPLIST_FILE = Arquiteturas/Info.plist;
				INFOPLIST_KEY_UIApplicationSupportsIndirectInputEvents = YES;
				INFOPLIST_KEY_UILaunchStoryboardName = LaunchScreen;
				INFOPLIST_KEY_UIMainStoryboardFile = Main;
				INFOPLIST_KEY_UISupportedInterfaceOrientations_iPad = "UIInterfaceOrientationPortrait UIInterfaceOrientationPortraitUpsideDown UIInterfaceOrientationLandscapeLeft UIInterfaceOrientationLandscapeRight";
				INFOPLIST_KEY_UISupportedInterfaceOrientations_iPhone = "UIInterfaceOrientationPortrait UIInterfaceOrientationLandscapeLeft UIInterfaceOrientationLandscapeRight";
				LD_RUNPATH_SEARCH_PATHS = (
					"$(inherited)",
					"@executable_path/Frameworks",
				);
				MARKETING_VERSION = 1.0;
				PRODUCT_BUNDLE_IDENTIFIER = br.com.nikolas.Arquiteturas;
				PRODUCT_NAME = "$(TARGET_NAME)";
				SWIFT_EMIT_LOC_STRINGS = YES;
				SWIFT_VERSION = 5.0;
				TARGETED_DEVICE_FAMILY = "1,2";
			};
			name = Debug;
		};
		F85A6ED72AB8C5AE0002FD3C /* Release */ = {
			isa = XCBuildConfiguration;
			baseConfigurationReference = 2E8CD48E8E9174A6473E7053 /* Pods-Arquiteturas.release.xcconfig */;
			buildSettings = {
				ASSETCATALOG_COMPILER_APPICON_NAME = AppIcon;
				ASSETCATALOG_COMPILER_GLOBAL_ACCENT_COLOR_NAME = AccentColor;
				CODE_SIGN_STYLE = Automatic;
				CURRENT_PROJECT_VERSION = 1;
				GENERATE_INFOPLIST_FILE = YES;
				INFOPLIST_FILE = Arquiteturas/Info.plist;
				INFOPLIST_KEY_UIApplicationSupportsIndirectInputEvents = YES;
				INFOPLIST_KEY_UILaunchStoryboardName = LaunchScreen;
				INFOPLIST_KEY_UIMainStoryboardFile = Main;
				INFOPLIST_KEY_UISupportedInterfaceOrientations_iPad = "UIInterfaceOrientationPortrait UIInterfaceOrientationPortraitUpsideDown UIInterfaceOrientationLandscapeLeft UIInterfaceOrientationLandscapeRight";
				INFOPLIST_KEY_UISupportedInterfaceOrientations_iPhone = "UIInterfaceOrientationPortrait UIInterfaceOrientationLandscapeLeft UIInterfaceOrientationLandscapeRight";
				LD_RUNPATH_SEARCH_PATHS = (
					"$(inherited)",
					"@executable_path/Frameworks",
				);
				MARKETING_VERSION = 1.0;
				PRODUCT_BUNDLE_IDENTIFIER = br.com.nikolas.Arquiteturas;
				PRODUCT_NAME = "$(TARGET_NAME)";
				SWIFT_EMIT_LOC_STRINGS = YES;
				SWIFT_VERSION = 5.0;
				TARGETED_DEVICE_FAMILY = "1,2";
			};
			name = Release;
		};
/* End XCBuildConfiguration section */

/* Begin XCConfigurationList section */
		F85A6EBC2AB8C5AE0002FD3C /* Build configuration list for PBXProject "Arquiteturas" */ = {
			isa = XCConfigurationList;
			buildConfigurations = (
				F85A6ED32AB8C5AE0002FD3C /* Debug */,
				F85A6ED42AB8C5AE0002FD3C /* Release */,
			);
			defaultConfigurationIsVisible = 0;
			defaultConfigurationName = Release;
		};
		F85A6ED52AB8C5AE0002FD3C /* Build configuration list for PBXNativeTarget "Arquiteturas" */ = {
			isa = XCConfigurationList;
			buildConfigurations = (
				F85A6ED62AB8C5AE0002FD3C /* Debug */,
				F85A6ED72AB8C5AE0002FD3C /* Release */,
			);
			defaultConfigurationIsVisible = 0;
			defaultConfigurationName = Release;
		};
/* End XCConfigurationList section */
	};
	rootObject = F85A6EB92AB8C5AE0002FD3C /* Project object */;
}
